{
  "name": "snowframework",
  "version": "0.2.7",
  "lockfileVersion": 1,
  "requires": true,
  "dependencies": {
    "snowframework-mvc": {
      "version": "0.1.3",
      "resolved": "https://registry.npmjs.org/snowframework-mvc/-/snowframework-mvc-0.1.3.tgz",
      "integrity": "sha512-3csjPBOyJPAw/zhTN80CdfePZ8xzQqyRV6qBgXzEvcJAmgvyMcxDmfTMPDSKz5FGPrtHk/ItKAYZ36I1EF3RxA=="
    }
  }
}
