{
  "name": "snowframework",
  "version": "0.2.2",
  "lockfileVersion": 1,
  "requires": true,
  "dependencies": {
    "snowframework-mvc": {
      "version": "0.1.0",
      "resolved": "https://registry.npmjs.org/snowframework-mvc/-/snowframework-mvc-0.1.0.tgz",
      "integrity": "sha512-17OXVmMLj7/MD4alVL41EYMcJ4a9JS8ZkZ9rUYSGehABw/fHUYWUmhaqwA0MSfDqvqT6qRcbAKsYt7W8VXplmQ=="
    }
  }
}
