{
  "name": "snowframework",
<<<<<<< HEAD
  "version": "0.2.5",
=======
  "version": "0.2.4",
>>>>>>> ec35bfa4ead7644d2aea41a51474e5e0ea57425d
  "lockfileVersion": 1,
  "requires": true,
  "dependencies": {
    "snowframework-mvc": {
      "version": "0.1.3",
      "resolved": "https://registry.npmjs.org/snowframework-mvc/-/snowframework-mvc-0.1.3.tgz",
      "integrity": "sha512-3csjPBOyJPAw/zhTN80CdfePZ8xzQqyRV6qBgXzEvcJAmgvyMcxDmfTMPDSKz5FGPrtHk/ItKAYZ36I1EF3RxA=="
    }
  }
}
